github.com/akamensky/argparse v1.4.0 h1:YGzvsTqCvbEZhL8zZu2AiA5nq805NZh75JNj4ajn1xc=
github.com/akamensky/argparse v1.4.0/go.mod h1:S5kwC7IuDcEr5VeXtGPRVZ5o/FdhcMlQz4IZQuw64xA=
github.com/things-go/go-socks5 v0.0.3 h1:QtlIhkwDuLNCwW3wnt2uTjn1mQzpyjnwct2xdPuqroI=
github.com/things-go/go-socks5 v0.0.3/go.mod h1:f8Zx+n8kfzyT90hXM767cP6sysAud93+t9rV90IgMcg=
